
Microsoft Visual Studio Solution File, Format Version 12.00
# Visual Studio Version 17
VisualStudioVersion = 17.7.34003.232
MinimumVisualStudioVersion = 10.0.40219.1
Project("{2150E333-8FDC-42A3-9474-1A3956D46DE8}") = "Data", "Data", "{E8260E48-6EC7-48E9-8F81-F269DB28D1C1}"
	ProjectSection(SolutionItems) = preProject
		..\..\..\..\..\..\..\Downloads\sentiment labelled sentences\sentiment labelled sentences\yelp_labelled.txt = ..\..\..\..\..\..\..\Downloads\sentiment labelled sentences\sentiment labelled sentences\yelp_labelled.txt
	EndProjectSection
EndProject
Project("{9A19103F-16F7-4668-BE54-9A1E7A4F7556}") = "SentimentalModel_App", "SentimentalModel_App\SentimentalModel_App.csproj", "{3ED9CDE5-89A6-4217-914B-A56FBF4FDD02}"
EndProject
Global
	GlobalSection(SolutionConfigurationPlatforms) = preSolution
		Debug|Any CPU = Debug|Any CPU
		Release|Any CPU = Release|Any CPU
	EndGlobalSection
	GlobalSection(ProjectConfigurationPlatforms) = postSolution
		{3ED9CDE5-89A6-4217-914B-A56FBF4FDD02}.Debug|Any CPU.ActiveCfg = Debug|Any CPU
		{3ED9CDE5-89A6-4217-914B-A56FBF4FDD02}.Debug|Any CPU.Build.0 = Debug|Any CPU
		{3ED9CDE5-89A6-4217-914B-A56FBF4FDD02}.Release|Any CPU.ActiveCfg = Release|Any CPU
		{3ED9CDE5-89A6-4217-914B-A56FBF4FDD02}.Release|Any CPU.Build.0 = Release|Any CPU
	EndGlobalSection
	GlobalSection(SolutionProperties) = preSolution
		HideSolutionNode = FALSE
	EndGlobalSection
	GlobalSection(ExtensibilityGlobals) = postSolution
		SolutionGuid = {4463C198-1599-40FE-82FC-A3CA6ADA6AF9}
	EndGlobalSection
EndGlobal
